// !$*UTF8*$!
{
	archiveVersion = 1;
	classes = {
	};
	objectVersion = 56;
	objects = {

/* Begin PBXBuildFile section */
		04A859FE2A8400CF00E4DCFF /* AppDelegate.swift in Sources */ = {isa = PBXBuildFile; fileRef = 04A859FD2A8400CF00E4DCFF /* AppDelegate.swift */; };
		04A85A002A8400CF00E4DCFF /* SceneDelegate.swift in Sources */ = {isa = PBXBuildFile; fileRef = 04A859FF2A8400CF00E4DCFF /* SceneDelegate.swift */; };
		04A85A082A8400CF00E4DCFF /* Netflix_Clone.xcdatamodeld in Sources */ = {isa = PBXBuildFile; fileRef = 04A85A062A8400CF00E4DCFF /* Netflix_Clone.xcdatamodeld */; };
		04A85A0A2A8400D100E4DCFF /* Assets.xcassets in Resources */ = {isa = PBXBuildFile; fileRef = 04A85A092A8400D100E4DCFF /* Assets.xcassets */; };
		04A85A0D2A8400D100E4DCFF /* LaunchScreen.storyboard in Resources */ = {isa = PBXBuildFile; fileRef = 04A85A0B2A8400D100E4DCFF /* LaunchScreen.storyboard */; };
		04A85A162A84047000E4DCFF /* HomeViewController.swift in Sources */ = {isa = PBXBuildFile; fileRef = 04A85A152A84047000E4DCFF /* HomeViewController.swift */; };
		04A85A182A84049A00E4DCFF /* UpcomingViewController.swift in Sources */ = {isa = PBXBuildFile; fileRef = 04A85A172A84049A00E4DCFF /* UpcomingViewController.swift */; };
		04A85A1A2A8404C200E4DCFF /* SearchViewController.swift in Sources */ = {isa = PBXBuildFile; fileRef = 04A85A192A8404C200E4DCFF /* SearchViewController.swift */; };
		04A85A1C2A8404F700E4DCFF /* DowloandsViewController.swift in Sources */ = {isa = PBXBuildFile; fileRef = 04A85A1B2A8404F700E4DCFF /* DowloandsViewController.swift */; };
		04A85A1E2A840E7400E4DCFF /* MainTabBarViewContrller.swift in Sources */ = {isa = PBXBuildFile; fileRef = 04A85A1D2A840E7400E4DCFF /* MainTabBarViewContrller.swift */; };
		04A85A252A84C27600E4DCFF /* CollectionViewTableViewCell.swift in Sources */ = {isa = PBXBuildFile; fileRef = 04A85A242A84C27600E4DCFF /* CollectionViewTableViewCell.swift */; };
/* End PBXBuildFile section */

/* Begin PBXFileReference section */
		04A859FA2A8400CF00E4DCFF /* Netflix Clone.app */ = {isa = PBXFileReference; explicitFileType = wrapper.application; includeInIndex = 0; path = "Netflix Clone.app"; sourceTree = BUILT_PRODUCTS_DIR; };
		04A859FD2A8400CF00E4DCFF /* AppDelegate.swift */ = {isa = PBXFileReference; lastKnownFileType = sourcecode.swift; path = AppDelegate.swift; sourceTree = "<group>"; };
		04A859FF2A8400CF00E4DCFF /* SceneDelegate.swift */ = {isa = PBXFileReference; lastKnownFileType = sourcecode.swift; path = SceneDelegate.swift; sourceTree = "<group>"; };
		04A85A072A8400CF00E4DCFF /* Netflix_Clone.xcdatamodel */ = {isa = PBXFileReference; lastKnownFileType = wrapper.xcdatamodel; path = Netflix_Clone.xcdatamodel; sourceTree = "<group>"; };
		04A85A092A8400D100E4DCFF /* Assets.xcassets */ = {isa = PBXFileReference; lastKnownFileType = folder.assetcatalog; path = Assets.xcassets; sourceTree = "<group>"; };
		04A85A0C2A8400D100E4DCFF /* Base */ = {isa = PBXFileReference; lastKnownFileType = file.storyboard; name = Base; path = Base.lproj/LaunchScreen.storyboard; sourceTree = "<group>"; };
		04A85A0E2A8400D100E4DCFF /* Info.plist */ = {isa = PBXFileReference; lastKnownFileType = text.plist.xml; path = Info.plist; sourceTree = "<group>"; };
		04A85A152A84047000E4DCFF /* HomeViewController.swift */ = {isa = PBXFileReference; lastKnownFileType = sourcecode.swift; path = HomeViewController.swift; sourceTree = "<group>"; };
		04A85A172A84049A00E4DCFF /* UpcomingViewController.swift */ = {isa = PBXFileReference; lastKnownFileType = sourcecode.swift; path = UpcomingViewController.swift; sourceTree = "<group>"; };
		04A85A192A8404C200E4DCFF /* SearchViewController.swift */ = {isa = PBXFileReference; lastKnownFileType = sourcecode.swift; path = SearchViewController.swift; sourceTree = "<group>"; };
		04A85A1B2A8404F700E4DCFF /* DowloandsViewController.swift */ = {isa = PBXFileReference; lastKnownFileType = sourcecode.swift; path = DowloandsViewController.swift; sourceTree = "<group>"; };
		04A85A1D2A840E7400E4DCFF /* MainTabBarViewContrller.swift */ = {isa = PBXFileReference; lastKnownFileType = sourcecode.swift; path = MainTabBarViewContrller.swift; sourceTree = "<group>"; };
		04A85A242A84C27600E4DCFF /* CollectionViewTableViewCell.swift */ = {isa = PBXFileReference; lastKnownFileType = sourcecode.swift; path = CollectionViewTableViewCell.swift; sourceTree = "<group>"; };
/* End PBXFileReference section */

/* Begin PBXFrameworksBuildPhase section */
		04A859F72A8400CF00E4DCFF /* Frameworks */ = {
			isa = PBXFrameworksBuildPhase;
			buildActionMask = 2147483647;
			files = (
			);
			runOnlyForDeploymentPostprocessing = 0;
		};
/* End PBXFrameworksBuildPhase section */

/* Begin PBXGroup section */
		04A859F12A8400CF00E4DCFF = {
			isa = PBXGroup;
			children = (
				04A859FC2A8400CF00E4DCFF /* Netflix Clone */,
				04A859FB2A8400CF00E4DCFF /* Products */,
			);
			sourceTree = "<group>";
		};
		04A859FB2A8400CF00E4DCFF /* Products */ = {
			isa = PBXGroup;
			children = (
				04A859FA2A8400CF00E4DCFF /* Netflix Clone.app */,
			);
			name = Products;
			sourceTree = "<group>";
		};
		04A859FC2A8400CF00E4DCFF /* Netflix Clone */ = {
			isa = PBXGroup;
			children = (
				04A85A232A84C24800E4DCFF /* Managers */,
				04A85A222A84C23500E4DCFF /* Resources */,
				04A85A212A84C22C00E4DCFF /* Models */,
				04A85A202A84C22000E4DCFF /* Views */,
				04A85A1F2A84C20A00E4DCFF /* ViewModels */,
				04A85A142A84045D00E4DCFF /* Controllers */,
				04A859FD2A8400CF00E4DCFF /* AppDelegate.swift */,
				04A859FF2A8400CF00E4DCFF /* SceneDelegate.swift */,
				04A85A1D2A840E7400E4DCFF /* MainTabBarViewContrller.swift */,
				04A85A092A8400D100E4DCFF /* Assets.xcassets */,
				04A85A0B2A8400D100E4DCFF /* LaunchScreen.storyboard */,
				04A85A0E2A8400D100E4DCFF /* Info.plist */,
				04A85A062A8400CF00E4DCFF /* Netflix_Clone.xcdatamodeld */,
			);
			path = "Netflix Clone";
			sourceTree = "<group>";
		};
		04A85A142A84045D00E4DCFF /* Controllers */ = {
			isa = PBXGroup;
			children = (
				04A85A152A84047000E4DCFF /* HomeViewController.swift */,
				04A85A172A84049A00E4DCFF /* UpcomingViewController.swift */,
				04A85A192A8404C200E4DCFF /* SearchViewController.swift */,
				04A85A1B2A8404F700E4DCFF /* DowloandsViewController.swift */,
			);
			path = Controllers;
			sourceTree = "<group>";
		};
		04A85A1F2A84C20A00E4DCFF /* ViewModels */ = {
			isa = PBXGroup;
			children = (
			);
			path = ViewModels;
			sourceTree = "<group>";
		};
		04A85A202A84C22000E4DCFF /* Views */ = {
			isa = PBXGroup;
			children = (
				04A85A242A84C27600E4DCFF /* CollectionViewTableViewCell.swift */,
			);
			path = Views;
			sourceTree = "<group>";
		};
		04A85A212A84C22C00E4DCFF /* Models */ = {
			isa = PBXGroup;
			children = (
			);
			path = Models;
			sourceTree = "<group>";
		};
		04A85A222A84C23500E4DCFF /* Resources */ = {
			isa = PBXGroup;
			children = (
			);
			path = Resources;
			sourceTree = "<group>";
		};
		04A85A232A84C24800E4DCFF /* Managers */ = {
			isa = PBXGroup;
			children = (
			);
			path = Managers;
			sourceTree = "<group>";
		};
/* End PBXGroup section */

/* Begin PBXNativeTarget section */
		04A859F92A8400CF00E4DCFF /* Netflix Clone */ = {
			isa = PBXNativeTarget;
			buildConfigurationList = 04A85A112A8400D100E4DCFF /* Build configuration list for PBXNativeTarget "Netflix Clone" */;
			buildPhases = (
				04A859F62A8400CF00E4DCFF /* Sources */,
				04A859F72A8400CF00E4DCFF /* Frameworks */,
				04A859F82A8400CF00E4DCFF /* Resources */,
			);
			buildRules = (
			);
			dependencies = (
			);
			name = "Netflix Clone";
			productName = "Netflix Clone";
			productReference = 04A859FA2A8400CF00E4DCFF /* Netflix Clone.app */;
			productType = "com.apple.product-type.application";
		};
/* End PBXNativeTarget section */

/* Begin PBXProject section */
		04A859F22A8400CF00E4DCFF /* Project object */ = {
			isa = PBXProject;
			attributes = {
				BuildIndependentTargetsInParallel = 1;
				LastSwiftUpdateCheck = 1430;
				LastUpgradeCheck = 1430;
				TargetAttributes = {
					04A859F92A8400CF00E4DCFF = {
						CreatedOnToolsVersion = 14.3.1;
					};
				};
			};
			buildConfigurationList = 04A859F52A8400CF00E4DCFF /* Build configuration list for PBXProject "Netflix Clone" */;
			compatibilityVersion = "Xcode 14.0";
			developmentRegion = en;
			hasScannedForEncodings = 0;
			knownRegions = (
				en,
				Base,
			);
			mainGroup = 04A859F12A8400CF00E4DCFF;
			productRefGroup = 04A859FB2A8400CF00E4DCFF /* Products */;
			projectDirPath = "";
			projectRoot = "";
			targets = (
				04A859F92A8400CF00E4DCFF /* Netflix Clone */,
			);
		};
/* End PBXProject section */

/* Begin PBXResourcesBuildPhase section */
		04A859F82A8400CF00E4DCFF /* Resources */ = {
			isa = PBXResourcesBuildPhase;
			buildActionMask = 2147483647;
			files = (
				04A85A0D2A8400D100E4DCFF /* LaunchScreen.storyboard in Resources */,
				04A85A0A2A8400D100E4DCFF /* Assets.xcassets in Resources */,
			);
			runOnlyForDeploymentPostprocessing = 0;
		};
/* End PBXResourcesBuildPhase section */

/* Begin PBXSourcesBuildPhase section */
		04A859F62A8400CF00E4DCFF /* Sources */ = {
			isa = PBXSourcesBuildPhase;
			buildActionMask = 2147483647;
			files = (
				04A85A182A84049A00E4DCFF /* UpcomingViewController.swift in Sources */,
				04A85A1E2A840E7400E4DCFF /* MainTabBarViewContrller.swift in Sources */,
				04A85A1A2A8404C200E4DCFF /* SearchViewController.swift in Sources */,
				04A85A1C2A8404F700E4DCFF /* DowloandsViewController.swift in Sources */,
				04A85A162A84047000E4DCFF /* HomeViewController.swift in Sources */,
				04A85A252A84C27600E4DCFF /* CollectionViewTableViewCell.swift in Sources */,
				04A85A082A8400CF00E4DCFF /* Netflix_Clone.xcdatamodeld in Sources */,
				04A859FE2A8400CF00E4DCFF /* AppDelegate.swift in Sources */,
				04A85A002A8400CF00E4DCFF /* SceneDelegate.swift in Sources */,
			);
			runOnlyForDeploymentPostprocessing = 0;
		};
/* End PBXSourcesBuildPhase section */

/* Begin PBXVariantGroup section */
		04A85A0B2A8400D100E4DCFF /* LaunchScreen.storyboard */ = {
			isa = PBXVariantGroup;
			children = (
				04A85A0C2A8400D100E4DCFF /* Base */,
			);
			name = LaunchScreen.storyboard;
			sourceTree = "<group>";
		};
/* End PBXVariantGroup section */

/* Begin XCBuildConfiguration section */
		04A85A0F2A8400D100E4DCFF /* Debug */ = {
			isa = XCBuildConfiguration;
			buildSettings = {
				ALWAYS_SEARCH_USER_PATHS = NO;
				CLANG_ANALYZER_NONNULL = YES;
				CLANG_ANALYZER_NUMBER_OBJECT_CONVERSION = YES_AGGRESSIVE;
				CLANG_CXX_LANGUAGE_STANDARD = "gnu++20";
				CLANG_ENABLE_MODULES = YES;
				CLANG_ENABLE_OBJC_ARC = YES;
				CLANG_ENABLE_OBJC_WEAK = YES;
				CLANG_WARN_BLOCK_CAPTURE_AUTORELEASING = YES;
				CLANG_WARN_BOOL_CONVERSION = YES;
				CLANG_WARN_COMMA = YES;
				CLANG_WARN_CONSTANT_CONVERSION = YES;
				CLANG_WARN_DEPRECATED_OBJC_IMPLEMENTATIONS = YES;
				CLANG_WARN_DIRECT_OBJC_ISA_USAGE = YES_ERROR;
				CLANG_WARN_DOCUMENTATION_COMMENTS = YES;
				CLANG_WARN_EMPTY_BODY = YES;
				CLANG_WARN_ENUM_CONVERSION = YES;
				CLANG_WARN_INFINITE_RECURSION = YES;
				CLANG_WARN_INT_CONVERSION = YES;
				CLANG_WARN_NON_LITERAL_NULL_CONVERSION = YES;
				CLANG_WARN_OBJC_IMPLICIT_RETAIN_SELF = YES;
				CLANG_WARN_OBJC_LITERAL_CONVERSION = YES;
				CLANG_WARN_OBJC_ROOT_CLASS = YES_ERROR;
				CLANG_WARN_QUOTED_INCLUDE_IN_FRAMEWORK_HEADER = YES;
				CLANG_WARN_RANGE_LOOP_ANALYSIS = YES;
				CLANG_WARN_STRICT_PROTOTYPES = YES;
				CLANG_WARN_SUSPICIOUS_MOVE = YES;
				CLANG_WARN_UNGUARDED_AVAILABILITY = YES_AGGRESSIVE;
				CLANG_WARN_UNREACHABLE_CODE = YES;
				CLANG_WARN__DUPLICATE_METHOD_MATCH = YES;
				COPY_PHASE_STRIP = NO;
				DEBUG_INFORMATION_FORMAT = dwarf;
				ENABLE_STRICT_OBJC_MSGSEND = YES;
				ENABLE_TESTABILITY = YES;
				GCC_C_LANGUAGE_STANDARD = gnu11;
				GCC_DYNAMIC_NO_PIC = NO;
				GCC_NO_COMMON_BLOCKS = YES;
				GCC_OPTIMIZATION_LEVEL = 0;
				GCC_PREPROCESSOR_DEFINITIONS = (
					"DEBUG=1",
					"$(inherited)",
				);
				GCC_WARN_64_TO_32_BIT_CONVERSION = YES;
				GCC_WARN_ABOUT_RETURN_TYPE = YES_ERROR;
				GCC_WARN_UNDECLARED_SELECTOR = YES;
				GCC_WARN_UNINITIALIZED_AUTOS = YES_AGGRESSIVE;
				GCC_WARN_UNUSED_FUNCTION = YES;
				GCC_WARN_UNUSED_VARIABLE = YES;
				IPHONEOS_DEPLOYMENT_TARGET = 16.4;
				MTL_ENABLE_DEBUG_INFO = INCLUDE_SOURCE;
				MTL_FAST_MATH = YES;
				ONLY_ACTIVE_ARCH = YES;
				SDKROOT = iphoneos;
				SWIFT_ACTIVE_COMPILATION_CONDITIONS = DEBUG;
				SWIFT_OPTIMIZATION_LEVEL = "-Onone";
			};
			name = Debug;
		};
		04A85A102A8400D100E4DCFF /* Release */ = {
			isa = XCBuildConfiguration;
			buildSettings = {
				ALWAYS_SEARCH_USER_PATHS = NO;
				CLANG_ANALYZER_NONNULL = YES;
				CLANG_ANALYZER_NUMBER_OBJECT_CONVERSION = YES_AGGRESSIVE;
				CLANG_CXX_LANGUAGE_STANDARD = "gnu++20";
				CLANG_ENABLE_MODULES = YES;
				CLANG_ENABLE_OBJC_ARC = YES;
				CLANG_ENABLE_OBJC_WEAK = YES;
				CLANG_WARN_BLOCK_CAPTURE_AUTORELEASING = YES;
				CLANG_WARN_BOOL_CONVERSION = YES;
				CLANG_WARN_COMMA = YES;
				CLANG_WARN_CONSTANT_CONVERSION = YES;
				CLANG_WARN_DEPRECATED_OBJC_IMPLEMENTATIONS = YES;
				CLANG_WARN_DIRECT_OBJC_ISA_USAGE = YES_ERROR;
				CLANG_WARN_DOCUMENTATION_COMMENTS = YES;
				CLANG_WARN_EMPTY_BODY = YES;
				CLANG_WARN_ENUM_CONVERSION = YES;
				CLANG_WARN_INFINITE_RECURSION = YES;
				CLANG_WARN_INT_CONVERSION = YES;
				CLANG_WARN_NON_LITERAL_NULL_CONVERSION = YES;
				CLANG_WARN_OBJC_IMPLICIT_RETAIN_SELF = YES;
				CLANG_WARN_OBJC_LITERAL_CONVERSION = YES;
				CLANG_WARN_OBJC_ROOT_CLASS = YES_ERROR;
				CLANG_WARN_QUOTED_INCLUDE_IN_FRAMEWORK_HEADER = YES;
				CLANG_WARN_RANGE_LOOP_ANALYSIS = YES;
				CLANG_WARN_STRICT_PROTOTYPES = YES;
				CLANG_WARN_SUSPICIOUS_MOVE = YES;
				CLANG_WARN_UNGUARDED_AVAILABILITY = YES_AGGRESSIVE;
				CLANG_WARN_UNREACHABLE_CODE = YES;
				CLANG_WARN__DUPLICATE_METHOD_MATCH = YES;
				COPY_PHASE_STRIP = NO;
				DEBUG_INFORMATION_FORMAT = "dwarf-with-dsym";
				ENABLE_NS_ASSERTIONS = NO;
				ENABLE_STRICT_OBJC_MSGSEND = YES;
				GCC_C_LANGUAGE_STANDARD = gnu11;
				GCC_NO_COMMON_BLOCKS = YES;
				GCC_WARN_64_TO_32_BIT_CONVERSION = YES;
				GCC_WARN_ABOUT_RETURN_TYPE = YES_ERROR;
				GCC_WARN_UNDECLARED_SELECTOR = YES;
				GCC_WARN_UNINITIALIZED_AUTOS = YES_AGGRESSIVE;
				GCC_WARN_UNUSED_FUNCTION = YES;
				GCC_WARN_UNUSED_VARIABLE = YES;
				IPHONEOS_DEPLOYMENT_TARGET = 16.4;
				MTL_ENABLE_DEBUG_INFO = NO;
				MTL_FAST_MATH = YES;
				SDKROOT = iphoneos;
				SWIFT_COMPILATION_MODE = wholemodule;
				SWIFT_OPTIMIZATION_LEVEL = "-O";
				VALIDATE_PRODUCT = YES;
			};
			name = Release;
		};
		04A85A122A8400D100E4DCFF /* Debug */ = {
			isa = XCBuildConfiguration;
			buildSettings = {
				ASSETCATALOG_COMPILER_APPICON_NAME = AppIcon;
				ASSETCATALOG_COMPILER_GLOBAL_ACCENT_COLOR_NAME = AccentColor;
				CODE_SIGN_STYLE = Automatic;
				CURRENT_PROJECT_VERSION = 1;
				DEVELOPMENT_TEAM = V2VQ3HD8ZX;
				GENERATE_INFOPLIST_FILE = YES;
				INFOPLIST_FILE = "Netflix Clone/Info.plist";
				INFOPLIST_KEY_UIApplicationSupportsIndirectInputEvents = YES;
				INFOPLIST_KEY_UILaunchStoryboardName = LaunchScreen;
				INFOPLIST_KEY_UISupportedInterfaceOrientations_iPad = "UIInterfaceOrientationPortrait UIInterfaceOrientationPortraitUpsideDown UIInterfaceOrientationLandscapeLeft UIInterfaceOrientationLandscapeRight";
				INFOPLIST_KEY_UISupportedInterfaceOrientations_iPhone = "UIInterfaceOrientationPortrait UIInterfaceOrientationLandscapeLeft UIInterfaceOrientationLandscapeRight";
				LD_RUNPATH_SEARCH_PATHS = (
					"$(inherited)",
					"@executable_path/Frameworks",
				);
				MARKETING_VERSION = 1.0;
				PRODUCT_BUNDLE_IDENTIFIER = "Intejer-academy.Netflix-Clone";
				PRODUCT_NAME = "$(TARGET_NAME)";
				SWIFT_EMIT_LOC_STRINGS = YES;
				SWIFT_VERSION = 5.0;
				TARGETED_DEVICE_FAMILY = "1,2";
			};
			name = Debug;
		};
		04A85A132A8400D100E4DCFF /* Release */ = {
			isa = XCBuildConfiguration;
			buildSettings = {
				ASSETCATALOG_COMPILER_APPICON_NAME = AppIcon;
				ASSETCATALOG_COMPILER_GLOBAL_ACCENT_COLOR_NAME = AccentColor;
				CODE_SIGN_STYLE = Automatic;
				CURRENT_PROJECT_VERSION = 1;
				DEVELOPMENT_TEAM = V2VQ3HD8ZX;
				GENERATE_INFOPLIST_FILE = YES;
				INFOPLIST_FILE = "Netflix Clone/Info.plist";
				INFOPLIST_KEY_UIApplicationSupportsIndirectInputEvents = YES;
				INFOPLIST_KEY_UILaunchStoryboardName = LaunchScreen;
				INFOPLIST_KEY_UISupportedInterfaceOrientations_iPad = "UIInterfaceOrientationPortrait UIInterfaceOrientationPortraitUpsideDown UIInterfaceOrientationLandscapeLeft UIInterfaceOrientationLandscapeRight";
				INFOPLIST_KEY_UISupportedInterfaceOrientations_iPhone = "UIInterfaceOrientationPortrait UIInterfaceOrientationLandscapeLeft UIInterfaceOrientationLandscapeRight";
				LD_RUNPATH_SEARCH_PATHS = (
					"$(inherited)",
					"@executable_path/Frameworks",
				);
				MARKETING_VERSION = 1.0;
				PRODUCT_BUNDLE_IDENTIFIER = "Intejer-academy.Netflix-Clone";
				PRODUCT_NAME = "$(TARGET_NAME)";
				SWIFT_EMIT_LOC_STRINGS = YES;
				SWIFT_VERSION = 5.0;
				TARGETED_DEVICE_FAMILY = "1,2";
			};
			name = Release;
		};
/* End XCBuildConfiguration section */

/* Begin XCConfigurationList section */
		04A859F52A8400CF00E4DCFF /* Build configuration list for PBXProject "Netflix Clone" */ = {
			isa = XCConfigurationList;
			buildConfigurations = (
				04A85A0F2A8400D100E4DCFF /* Debug */,
				04A85A102A8400D100E4DCFF /* Release */,
			);
			defaultConfigurationIsVisible = 0;
			defaultConfigurationName = Release;
		};
		04A85A112A8400D100E4DCFF /* Build configuration list for PBXNativeTarget "Netflix Clone" */ = {
			isa = XCConfigurationList;
			buildConfigurations = (
				04A85A122A8400D100E4DCFF /* Debug */,
				04A85A132A8400D100E4DCFF /* Release */,
			);
			defaultConfigurationIsVisible = 0;
			defaultConfigurationName = Release;
		};
/* End XCConfigurationList section */

/* Begin XCVersionGroup section */
		04A85A062A8400CF00E4DCFF /* Netflix_Clone.xcdatamodeld */ = {
			isa = XCVersionGroup;
			children = (
				04A85A072A8400CF00E4DCFF /* Netflix_Clone.xcdatamodel */,
			);
			currentVersion = 04A85A072A8400CF00E4DCFF /* Netflix_Clone.xcdatamodel */;
			path = Netflix_Clone.xcdatamodeld;
			sourceTree = "<group>";
			versionGroupType = wrapper.xcdatamodel;
		};
/* End XCVersionGroup section */
	};
	rootObject = 04A859F22A8400CF00E4DCFF /* Project object */;
}
